
Microsoft Visual Studio Solution File, Format Version 12.00
# Visual Studio Version 17
VisualStudioVersion = 17.0.32126.317
MinimumVisualStudioVersion = 10.0.40219.1
Project("{FAE04EC0-301F-11D3-BF4B-00C04F79EFBC}") = "TestingMethods", "TestingMethods\TestingMethods.csproj", "{7784BE60-F3D1-43F1-9D01-5C80A528FA75}"
EndProject
Global
	GlobalSection(SolutionConfigurationPlatforms) = preSolution
		Debug|Any CPU = Debug|Any CPU
		Release|Any CPU = Release|Any CPU
	EndGlobalSection
	GlobalSection(ProjectConfigurationPlatforms) = postSolution
		{7784BE60-F3D1-43F1-9D01-5C80A528FA75}.Debug|Any CPU.ActiveCfg = Debug|Any CPU
		{7784BE60-F3D1-43F1-9D01-5C80A528FA75}.Debug|Any CPU.Build.0 = Debug|Any CPU
		{7784BE60-F3D1-43F1-9D01-5C80A528FA75}.Release|Any CPU.ActiveCfg = Release|Any CPU
		{7784BE60-F3D1-43F1-9D01-5C80A528FA75}.Release|Any CPU.Build.0 = Release|Any CPU
	EndGlobalSection
	GlobalSection(SolutionProperties) = preSolution
		HideSolutionNode = FALSE
	EndGlobalSection
	GlobalSection(ExtensibilityGlobals) = postSolution
		SolutionGuid = {3A8C83FE-5831-418E-92F6-794F1480A0A0}
	EndGlobalSection
EndGlobal
